
Microsoft Visual Studio Solution File, Format Version 12.00
Project("{FAE04EC0-301F-11D3-BF4B-00C04F79EFBC}") = "Lab1", "Lab1\Lab1.csproj", "{9ACCBFA9-2E39-4E98-AA85-173CDECB56F9}"
EndProject
Project("{FAE04EC0-301F-11D3-BF4B-00C04F79EFBC}") = "Lab1Tests", "Lab1Tests\Lab1Tests.csproj", "{1F28C066-F318-41E6-B8B5-5E064D0CEBEF}"
EndProject
Project("{FAE04EC0-301F-11D3-BF4B-00C04F79EFBC}") = "Lab2", "Lab2\Lab2.csproj", "{8A1DA97D-69EA-44BE-8C72-10A85595F170}"
EndProject
Project("{FAE04EC0-301F-11D3-BF4B-00C04F79EFBC}") = "Lab2Tests", "Lab2Tests\Lab2Tests.csproj", "{1793F7CB-18CA-4A89-AF18-707352F7C83B}"
EndProject
Project("{FAE04EC0-301F-11D3-BF4B-00C04F79EFBC}") = "Lab3", "Lab3\Lab3.csproj", "{F5038C2C-26F3-4569-8794-9A45B488F884}"
EndProject
Project("{FAE04EC0-301F-11D3-BF4B-00C04F79EFBC}") = "Lab3Tests", "Lab3Tests\Lab3Tests.csproj", "{1A8DFE50-F7AC-4190-892C-85195D8FB7A7}"
EndProject
Project("{FAE04EC0-301F-11D3-BF4B-00C04F79EFBC}") = "Helpers", "Helpers\Helpers.csproj", "{306B8414-A150-4FA0-93CC-ECB0EA7A2764}"
EndProject
Project("{FAE04EC0-301F-11D3-BF4B-00C04F79EFBC}") = "Lab4", "Lab4\Lab4.csproj", "{3D5604BF-5446-4057-9C12-8FF403BBCC19}"
EndProject
Global
	GlobalSection(SolutionConfigurationPlatforms) = preSolution
		Debug|Any CPU = Debug|Any CPU
		Release|Any CPU = Release|Any CPU
	EndGlobalSection
	GlobalSection(ProjectConfigurationPlatforms) = postSolution
		{9ACCBFA9-2E39-4E98-AA85-173CDECB56F9}.Debug|Any CPU.ActiveCfg = Debug|Any CPU
		{9ACCBFA9-2E39-4E98-AA85-173CDECB56F9}.Debug|Any CPU.Build.0 = Debug|Any CPU
		{9ACCBFA9-2E39-4E98-AA85-173CDECB56F9}.Release|Any CPU.ActiveCfg = Release|Any CPU
		{9ACCBFA9-2E39-4E98-AA85-173CDECB56F9}.Release|Any CPU.Build.0 = Release|Any CPU
		{1F28C066-F318-41E6-B8B5-5E064D0CEBEF}.Debug|Any CPU.ActiveCfg = Debug|Any CPU
		{1F28C066-F318-41E6-B8B5-5E064D0CEBEF}.Debug|Any CPU.Build.0 = Debug|Any CPU
		{1F28C066-F318-41E6-B8B5-5E064D0CEBEF}.Release|Any CPU.ActiveCfg = Release|Any CPU
		{1F28C066-F318-41E6-B8B5-5E064D0CEBEF}.Release|Any CPU.Build.0 = Release|Any CPU
		{8A1DA97D-69EA-44BE-8C72-10A85595F170}.Debug|Any CPU.ActiveCfg = Debug|Any CPU
		{8A1DA97D-69EA-44BE-8C72-10A85595F170}.Debug|Any CPU.Build.0 = Debug|Any CPU
		{8A1DA97D-69EA-44BE-8C72-10A85595F170}.Release|Any CPU.ActiveCfg = Release|Any CPU
		{8A1DA97D-69EA-44BE-8C72-10A85595F170}.Release|Any CPU.Build.0 = Release|Any CPU
		{1793F7CB-18CA-4A89-AF18-707352F7C83B}.Debug|Any CPU.ActiveCfg = Debug|Any CPU
		{1793F7CB-18CA-4A89-AF18-707352F7C83B}.Debug|Any CPU.Build.0 = Debug|Any CPU
		{1793F7CB-18CA-4A89-AF18-707352F7C83B}.Release|Any CPU.ActiveCfg = Release|Any CPU
		{1793F7CB-18CA-4A89-AF18-707352F7C83B}.Release|Any CPU.Build.0 = Release|Any CPU
		{F5038C2C-26F3-4569-8794-9A45B488F884}.Debug|Any CPU.ActiveCfg = Debug|Any CPU
		{F5038C2C-26F3-4569-8794-9A45B488F884}.Debug|Any CPU.Build.0 = Debug|Any CPU
		{F5038C2C-26F3-4569-8794-9A45B488F884}.Release|Any CPU.ActiveCfg = Release|Any CPU
		{F5038C2C-26F3-4569-8794-9A45B488F884}.Release|Any CPU.Build.0 = Release|Any CPU
		{1A8DFE50-F7AC-4190-892C-85195D8FB7A7}.Debug|Any CPU.ActiveCfg = Debug|Any CPU
		{1A8DFE50-F7AC-4190-892C-85195D8FB7A7}.Debug|Any CPU.Build.0 = Debug|Any CPU
		{1A8DFE50-F7AC-4190-892C-85195D8FB7A7}.Release|Any CPU.ActiveCfg = Release|Any CPU
		{1A8DFE50-F7AC-4190-892C-85195D8FB7A7}.Release|Any CPU.Build.0 = Release|Any CPU
		{306B8414-A150-4FA0-93CC-ECB0EA7A2764}.Debug|Any CPU.ActiveCfg = Debug|Any CPU
		{306B8414-A150-4FA0-93CC-ECB0EA7A2764}.Debug|Any CPU.Build.0 = Debug|Any CPU
		{306B8414-A150-4FA0-93CC-ECB0EA7A2764}.Release|Any CPU.ActiveCfg = Release|Any CPU
		{306B8414-A150-4FA0-93CC-ECB0EA7A2764}.Release|Any CPU.Build.0 = Release|Any CPU
		{3D5604BF-5446-4057-9C12-8FF403BBCC19}.Debug|Any CPU.ActiveCfg = Debug|Any CPU
		{3D5604BF-5446-4057-9C12-8FF403BBCC19}.Debug|Any CPU.Build.0 = Debug|Any CPU
		{3D5604BF-5446-4057-9C12-8FF403BBCC19}.Release|Any CPU.ActiveCfg = Release|Any CPU
		{3D5604BF-5446-4057-9C12-8FF403BBCC19}.Release|Any CPU.Build.0 = Release|Any CPU
	EndGlobalSection
EndGlobal
