
Microsoft Visual Studio Solution File, Format Version 12.00
Project("{FAE04EC0-301F-11D3-BF4B-00C04F79EFBC}") = "Lab1", "Lab1\Lab1.csproj", "{9ACCBFA9-2E39-4E98-AA85-173CDECB56F9}"
EndProject
Project("{FAE04EC0-301F-11D3-BF4B-00C04F79EFBC}") = "Lab1Tests", "Lab1Tests\Lab1Tests.csproj", "{1F28C066-F318-41E6-B8B5-5E064D0CEBEF}"
EndProject
Project("{FAE04EC0-301F-11D3-BF4B-00C04F79EFBC}") = "Lab2", "Lab2\Lab2.csproj", "{8A1DA97D-69EA-44BE-8C72-10A85595F170}"
EndProject
Project("{FAE04EC0-301F-11D3-BF4B-00C04F79EFBC}") = "Lab2Tests", "Lab2Tests\Lab2Tests.csproj", "{1793F7CB-18CA-4A89-AF18-707352F7C83B}"
EndProject
Global
	GlobalSection(SolutionConfigurationPlatforms) = preSolution
		Debug|Any CPU = Debug|Any CPU
		Release|Any CPU = Release|Any CPU
	EndGlobalSection
	GlobalSection(ProjectConfigurationPlatforms) = postSolution
		{9ACCBFA9-2E39-4E98-AA85-173CDECB56F9}.Debug|Any CPU.ActiveCfg = Debug|Any CPU
		{9ACCBFA9-2E39-4E98-AA85-173CDECB56F9}.Debug|Any CPU.Build.0 = Debug|Any CPU
		{9ACCBFA9-2E39-4E98-AA85-173CDECB56F9}.Release|Any CPU.ActiveCfg = Release|Any CPU
		{9ACCBFA9-2E39-4E98-AA85-173CDECB56F9}.Release|Any CPU.Build.0 = Release|Any CPU
		{1F28C066-F318-41E6-B8B5-5E064D0CEBEF}.Debug|Any CPU.ActiveCfg = Debug|Any CPU
		{1F28C066-F318-41E6-B8B5-5E064D0CEBEF}.Debug|Any CPU.Build.0 = Debug|Any CPU
		{1F28C066-F318-41E6-B8B5-5E064D0CEBEF}.Release|Any CPU.ActiveCfg = Release|Any CPU
		{1F28C066-F318-41E6-B8B5-5E064D0CEBEF}.Release|Any CPU.Build.0 = Release|Any CPU
		{8A1DA97D-69EA-44BE-8C72-10A85595F170}.Debug|Any CPU.ActiveCfg = Debug|Any CPU
		{8A1DA97D-69EA-44BE-8C72-10A85595F170}.Debug|Any CPU.Build.0 = Debug|Any CPU
		{8A1DA97D-69EA-44BE-8C72-10A85595F170}.Release|Any CPU.ActiveCfg = Release|Any CPU
		{8A1DA97D-69EA-44BE-8C72-10A85595F170}.Release|Any CPU.Build.0 = Release|Any CPU
		{1793F7CB-18CA-4A89-AF18-707352F7C83B}.Debug|Any CPU.ActiveCfg = Debug|Any CPU
		{1793F7CB-18CA-4A89-AF18-707352F7C83B}.Debug|Any CPU.Build.0 = Debug|Any CPU
		{1793F7CB-18CA-4A89-AF18-707352F7C83B}.Release|Any CPU.ActiveCfg = Release|Any CPU
		{1793F7CB-18CA-4A89-AF18-707352F7C83B}.Release|Any CPU.Build.0 = Release|Any CPU
	EndGlobalSection
EndGlobal
